{
  "version": "5",
  "remote": {
    "https://deno.land/std@0.168.0/async/abortable.ts": "80b2ac399f142cc528f95a037a7d0e653296352d95c681e284533765961de409",
    "https://deno.land/std@0.168.0/async/deadline.ts": "2c2deb53c7c28ca1dda7a3ad81e70508b1ebc25db52559de6b8636c9278fd41f",
    "https://deno.land/std@0.168.0/async/debounce.ts": "60301ffb37e730cd2d6f9dadfd0ecb2a38857681bd7aaf6b0a106b06e5210a98",
    "https://deno.land/std@0.168.0/async/deferred.ts": "77d3f84255c3627f1cc88699d8472b664d7635990d5358c4351623e098e917d6",
    "https://deno.land/std@0.168.0/async/delay.ts": "5a9bfba8de38840308a7a33786a0155a7f6c1f7a859558ddcec5fe06e16daf57",
    "https://deno.land/std@0.168.0/async/mod.ts": "7809ad4bb223e40f5fdc043e5c7ca04e0e25eed35c32c3c32e28697c553fa6d9",
    "https://deno.land/std@0.168.0/async/mux_async_iterator.ts": "770a0ff26c59f8bbbda6b703a2235f04e379f73238e8d66a087edc68c2a2c35f",
    "https://deno.land/std@0.168.0/async/pool.ts": "6854d8cd675a74c73391c82005cbbe4cc58183bddcd1fbbd7c2bcda42b61cf69",
    "https://deno.land/std@0.168.0/async/retry.ts": "e8e5173623915bbc0ddc537698fa418cf875456c347eda1ed453528645b42e67",
    "https://deno.land/std@0.168.0/async/tee.ts": "3a47cc4e9a940904fd4341f0224907e199121c80b831faa5ec2b054c6d2eff5e",
    "https://deno.land/std@0.168.0/http/server.ts": "e99c1bee8a3f6571ee4cdeb2966efad465b8f6fe62bec1bdb59c1f007cc4d155",
    "https://deno.land/std@0.173.0/encoding/base64.ts": "7de04c2f8aeeb41453b09b186480be90f2ff357613b988e99fabb91d2eeceba1",
    "https://deno.land/std@0.177.0/_util/asserts.ts": "178dfc49a464aee693a7e285567b3d0b555dc805ff490505a8aae34f9cfb1462",
    "https://deno.land/std@0.177.0/crypto/_fnv/fnv32.ts": "e4649dfdefc5c987ed53c3c25db62db771a06d9d1b9c36d2b5cf0853b8e82153",
    "https://deno.land/std@0.177.0/crypto/_fnv/fnv64.ts": "bfa0e4702061fdb490a14e6bf5f9168a22fb022b307c5723499469bfefca555e",
    "https://deno.land/std@0.177.0/crypto/_fnv/index.ts": "169c213eb75de2d6738c1ed66a8e5782bd222b70b187cc4e7fb7b73edfcf0927",
    "https://deno.land/std@0.177.0/crypto/_fnv/util.ts": "accba12bfd80a352e32a872f87df2a195e75561f1b1304a4cb4f5a4648d288f9",
    "https://deno.land/std@0.177.0/crypto/_wasm/lib/deno_std_wasm_crypto.generated.mjs": "5dedb7f9aa05f0e18ed017691c58df5f4686e4cbbd70368c6f896e5cca03f2b4",
    "https://deno.land/std@0.177.0/crypto/_wasm/mod.ts": "e2df88236fc061eac7a89e8cb0b97843f5280b08b2a990e473b7397a3e566003",
    "https://deno.land/std@0.177.0/crypto/crypto.ts": "d5ce53784ab7b1348095389426a7ea98536223fb143812ecb50724a0aa1ec657",
    "https://deno.land/std@0.177.0/crypto/keystack.ts": "877ab0f19eb7d37ad6495190d3c3e39f58e9c52e0b6a966f82fd6df67ca55f90",
    "https://deno.land/std@0.177.0/crypto/mod.ts": "885738e710868202d7328305b0c0c134e36a2d9c98ceab9513ea2442863c00eb",
    "https://deno.land/std@0.177.0/crypto/timing_safe_equal.ts": "8d69ab611c67fe51b6127d97fcfb4d8e7d0e1b6b4f3e0cc4ab86744c3691f965",
    "https://deno.land/std@0.177.0/crypto/to_hash_string.ts": "fe4e95239d7afb617f469bc2f76ff20f888ddb8d1385e0d92276f6e4d5a809d1",
    "https://deno.land/std@0.177.0/encoding/base64.ts": "7de04c2f8aeeb41453b09b186480be90f2ff357613b988e99fabb91d2eeceba1",
    "https://deno.land/std@0.177.0/encoding/base64url.ts": "3f1178f6446834457b16bfde8b559c1cd3481727fe384d3385e4a9995dc2d851",
    "https://deno.land/std@0.177.0/encoding/hex.ts": "50f8c95b52eae24395d3dfcb5ec1ced37c5fe7610ef6fffdcc8b0fdc38e3b32f",
    "https://deno.land/std@0.208.0/dotenv/mod.ts": "039468f5c87d39b69d7ca6c3d68ebca82f206ec0ff5e011d48205eea292ea5a6",
    "https://deno.land/x/denomailer@1.6.0/client/basic/QUE.ts": "5af1dfcc5814bf4542f098908ac1fdd8a1a1c2b1597138a121c95eaa791315d0",
    "https://deno.land/x/denomailer@1.6.0/client/basic/client.ts": "462e4db45ae218647812ceae720d55ea33e0e928f9138fee9da5913cbb1e20f9",
    "https://deno.land/x/denomailer@1.6.0/client/basic/connection.ts": "68de68d7551d8303629905c2b7581cb09b45646e530ce93a5786ca1aba61055c",
    "https://deno.land/x/denomailer@1.6.0/client/basic/transforms.ts": "e630a23d24e9b397e231ae8796c0a0080770ac6f5ab9bffc105d3717706e62c9",
    "https://deno.land/x/denomailer@1.6.0/client/mod.ts": "8ec4c25d9586f83f8629768311a077eaf03b1490dcb872030ba2e27fadb674d8",
    "https://deno.land/x/denomailer@1.6.0/client/pool.ts": "0466e69ca8959aa85501cc6b30d7f5fd8e43b0a6ac88ecc60dab71081e801bae",
    "https://deno.land/x/denomailer@1.6.0/client/worker/worker.ts": "a4c3a3e2e1fde0967817ece7c345a565eb44a7312acf8d46ce620d4ff4443b31",
    "https://deno.land/x/denomailer@1.6.0/config/client.ts": "302f5c18fbb5531b5615613084b86d44120acc210e072f4135e431fa27fc4526",
    "https://deno.land/x/denomailer@1.6.0/config/mail/attachments.ts": "1f357bddc9d5e813c3f647498db81a165a1a8a7163116c58dc10cf01427fd81e",
    "https://deno.land/x/denomailer@1.6.0/config/mail/content.ts": "3925d4c3baaabed4e08933159d34b1450e6426b35a5bc323a0666780bef20192",
    "https://deno.land/x/denomailer@1.6.0/config/mail/email.ts": "bb0ca104bf9cb54af6613a04b3f8cb05290f4fb012e7113f1d050cab10226a7c",
    "https://deno.land/x/denomailer@1.6.0/config/mail/encoding.ts": "0bc5983ada3b902333925cdca225f8ea5e28fffbc2f1bd2b0ccb9a423f6f7fcc",
    "https://deno.land/x/denomailer@1.6.0/config/mail/headers.ts": "ce94874beb5a1a7248b5b91bf1ae3b3aed2d4c0541f3f448f2bbfad6c8f570ee",
    "https://deno.land/x/denomailer@1.6.0/config/mail/mod.ts": "a7fafa3386a45a585d7983d816b09ddc28b2f2b84097a614f1e38685b1f62868",
    "https://deno.land/x/denomailer@1.6.0/deps.ts": "12bef188bb2a490fedc82ac1889f3d438e8a15887c423b045fee532b31a43102",
    "https://deno.land/x/denomailer@1.6.0/mod.ts": "71a197dff098194ab53691abd3c9d22a276ef04e1382eb85f5632dbcb5a83bf3",
    "https://esm.sh/@supabase/supabase-js@2.7.1": "be4ce96f1e7e5c9fc4b2b77a7feb75ac03796dd2c6988e99b229c0cefc28309b",
    "https://esm.sh/stripe@14.21.0?target=deno": "c68b76780452938e9bbae9e312323e97869ccbdafeb83ddf372746ffa52f6b66"
  },
  "workspace": {
    "packageJson": {
      "dependencies": [
        "npm:@cloudflare/vite-plugin@^1.39.1",
        "npm:@dnd-kit/core@^6.3.1",
        "npm:@dnd-kit/sortable@10",
        "npm:@emoji-mart/data@^1.2.1",
        "npm:@emoji-mart/react@^1.1.1",
        "npm:@eslint/js@^9.39.1",
        "npm:@reactflow/node-resizer@^2.2.14",
        "npm:@supabase/supabase-js@^2.97.0",
        "npm:@tailwindcss/vite@^4.1.18",
        "npm:@telnyx/webrtc@^2.27.1",
        "npm:@types/dagre@~0.7.53",
        "npm:@types/node-fetch@^2.6.13",
        "npm:@types/node@^24.10.1",
        "npm:@types/react-dom@^19.2.3",
        "npm:@types/react@^19.2.7",
        "npm:@vitejs/plugin-react@^5.1.1",
        "npm:clsx@^2.1.1",
        "npm:dagre@~0.8.5",
        "npm:date-fns@^4.1.0",
        "npm:dotenv@^17.3.1",
        "npm:emoji-mart@^5.6.0",
        "npm:eslint-plugin-react-hooks@^7.0.1",
        "npm:eslint-plugin-react-refresh@~0.4.24",
        "npm:eslint@^9.39.1",
        "npm:framer-motion@^12.34.0",
        "npm:globals@^16.5.0",
        "npm:i18next-browser-languagedetector@^8.2.1",
        "npm:i18next@^26.3.1",
        "npm:jspdf-autotable@^5.0.8",
        "npm:jspdf@^4.2.1",
        "npm:libphonenumber-js@^1.13.6",
        "npm:lucide-react@0.563",
        "npm:node-fetch@^2.7.0",
        "npm:react-dom@^19.2.0",
        "npm:react-i18next@^17.0.8",
        "npm:react-is@^19.2.5",
        "npm:react-router-dom@^7.13.0",
        "npm:react@^19.2.0",
        "npm:reactflow@^11.11.4",
        "npm:recharts@^3.7.0",
        "npm:tailwind-merge@^3.4.0",
        "npm:tailwindcss@^4.1.18",
        "npm:ts-node@^10.9.2",
        "npm:typescript-eslint@^8.48.0",
        "npm:typescript@~5.9.3",
        "npm:vite-plugin-pwa@^1.2.0",
        "npm:vite@^7.3.1",
        "npm:wrangler@^4.96.0",
        "npm:xlsx@~0.18.5",
        "npm:zod@^4.3.6"
      ]
    }
  }
}
